
Microsoft Visual Studio Solution File, Format Version 12.00
# Visual Studio Version 16
VisualStudioVersion = 16.0.32510.428
MinimumVisualStudioVersion = 10.0.40219.1
Project("{FAE04EC0-301F-11D3-BF4B-00C04F79EFBC}") = "TwentyFirstTask", "TwentyFirstTask\TwentyFirstTask.csproj", "{505C0266-55AB-4C2A-A50D-B7845E4622DC}"
EndProject
Global
	GlobalSection(SolutionConfigurationPlatforms) = preSolution
		Debug|Any CPU = Debug|Any CPU
		Release|Any CPU = Release|Any CPU
	EndGlobalSection
	GlobalSection(ProjectConfigurationPlatforms) = postSolution
		{505C0266-55AB-4C2A-A50D-B7845E4622DC}.Debug|Any CPU.ActiveCfg = Debug|Any CPU
		{505C0266-55AB-4C2A-A50D-B7845E4622DC}.Debug|Any CPU.Build.0 = Debug|Any CPU
		{505C0266-55AB-4C2A-A50D-B7845E4622DC}.Release|Any CPU.ActiveCfg = Release|Any CPU
		{505C0266-55AB-4C2A-A50D-B7845E4622DC}.Release|Any CPU.Build.0 = Release|Any CPU
	EndGlobalSection
	GlobalSection(SolutionProperties) = preSolution
		HideSolutionNode = FALSE
	EndGlobalSection
	GlobalSection(ExtensibilityGlobals) = postSolution
		SolutionGuid = {3D3869CA-3D21-44DA-B748-A4469EB187E8}
	EndGlobalSection
EndGlobal
